{
    "version": 3,
    "terraform_version": "0.11.13",
    "serial": 2,
    "lineage": "a695084f-aa0f-341a-452b-9dfef94c0def",
    "modules": [
        {
            "path": [
                "root"
            ],
            "outputs": {},
            "resources": {
                "google_compute_firewall.nodeports": {
                    "type": "google_compute_firewall",
                    "depends_on": [],
                    "primary": {
                        "id": "node-port-range",
                        "attributes": {
                            "allow.#": "1",
                            "allow.1307041314.ports.#": "1",
                            "allow.1307041314.ports.0": "30000-32767",
                            "allow.1307041314.protocol": "tcp",
                            "deny.#": "0",
                            "description": "",
                            "destination_ranges.#": "0",
                            "id": "node-port-range",
                            "name": "node-port-range",
                            "network": "https://www.googleapis.com/compute/v1/projects/thoritie/global/networks/default",
                            "priority": "1000",
                            "project": "thoritie",
                            "self_link": "https://www.googleapis.com/compute/v1/projects/thoritie/global/firewalls/node-port-range",
                            "source_ranges.#": "1",
                            "source_ranges.1080289494": "0.0.0.0/0",
                            "source_service_accounts.#": "0",
                            "source_tags.#": "0",
                            "target_service_accounts.#": "0",
                            "target_tags.#": "0"
                        },
                        "meta": {
                            "schema_version": "1"
                        },
                        "tainted": false
                    },
                    "deposed": [],
                    "provider": "provider.google"
                }
            },
            "depends_on": []
        }
    ]
}
