{
    "version": 3,
    "terraform_version": "0.11.13",
    "serial": 2,
    "lineage": "a695084f-aa0f-341a-452b-9dfef94c0def",
    "modules": [
        {
            "path": [
                "root"
            ],
            "outputs": {},
            "resources": {
                "google_compute_firewall.nodeports": {
                    "type": "google_compute_firewall",
                    "depends_on": [],
                    "primary": {
                        "id": "node-port-range",
                        "attributes": {
                            "allow.#": "1",
                            "allow.1307041314.ports.#": "1",
                            "allow.1307041314.ports.0": "30000-32767",
                            "allow.1307041314.protocol": "tcp",
                            "deny.#": "0",
                            "description": "",
                            "destination_ranges.#": "0",
                            "id": "node-port-range",
                            "name": "node-port-range",
                            "network": "https://www.googleapis.com/compute/v1/projects/thoritie/global/networks/default",
                            "priority": "1000",
                            "project": "thoritie",
                            "self_link": "https://www.googleapis.com/compute/v1/projects/thoritie/global/firewalls/node-port-range",
                            "source_ranges.#": "1",
                            "source_ranges.1080289494": "0.0.0.0/0",
                            "source_service_accounts.#": "0",
                            "source_tags.#": "0",
                            "target_service_accounts.#": "0",
                            "target_tags.#": "0"
                        },
                        "meta": {
                            "schema_version": "1"
                        },
                        "tainted": false
                    },
                    "deposed": [],
                    "provider": "provider.google"
                },
                "google_container_cluster.primary": {
                    "type": "google_container_cluster",
                    "depends_on": [],
                    "primary": {
                        "id": "thoritie-cluster",
                        "attributes": {
                            "additional_zones.#": "0",
                            "addons_config.#": "1",
                            "addons_config.0.horizontal_pod_autoscaling.#": "0",
                            "addons_config.0.http_load_balancing.#": "0",
                            "addons_config.0.kubernetes_dashboard.#": "1",
                            "addons_config.0.kubernetes_dashboard.0.disabled": "true",
                            "cluster_ipv4_cidr": "10.20.0.0/14",
                            "description": "This cluster was created as part of IaC tutorial",
                            "enable_kubernetes_alpha": "false",
                            "enable_legacy_abac": "true",
                            "endpoint": "34.76.221.33",
                            "id": "thoritie-cluster",
                            "initial_node_count": "2",
                            "instance_group_urls.#": "1",
                            "instance_group_urls.0": "https://www.googleapis.com/compute/v1/projects/thoritie/zones/europe-west1-b/instanceGroups/gke-thoritie-cluster-default-pool-d0e1d179-grp",
                            "logging_service": "logging.googleapis.com",
                            "master_auth.#": "1",
                            "master_auth.0.client_certificate": "LS0tLS1CRUdJTiBDRVJUSUZJQ0FURS0tLS0tCk1JSUMyakNDQWNLZ0F3SUJBZ0lRQ1o2d1g3WmVsRWpxak5NaXNlTGMrVEFOQmdrcWhraUc5dzBCQVFzRkFEQXYKTVMwd0t3WURWUVFERXlRNVpUSmlZelJsTlMwMU9HSmtMVFEyTnprdFlqa3laQzAwTUdSbE1URXpZalk1WWpZdwpIaGNOTVRrd05ESXdNVEkxTVRVNFdoY05NalF3TkRFNE1USTFNVFU0V2pBUk1ROHdEUVlEVlFRREV3WmpiR2xsCmJuUXdnZ0VpTUEwR0NTcUdTSWIzRFFFQkFRVUFBNElCRHdBd2dnRUtBb0lCQVFDNFRmQkxtdDlQQTQ4U0xXU3EKNDFQOEg4SnJMOU81TEpGMUZQWEUxOWtRVUhzblh2aHZpSjI0MUlxUU9DOXFOazlER2g1em9TUys3K1BrNUlVUwpOWFNldkN6anRlKzNVK25uZjkwUlN3NC9hZEJqQXhxMFBtcEtqbGZvVUJuc2o1TDl6TTVFWkRIUjBJQWN6WWlSCkFPNnBPSEFwSkI5WW1LQmNpQjZmY1dieHF1RHpNajNJcDlVT3haOTFDZnRYQkUvOENMRi9KcHBYb21qSkxuZkcKL1lMcXB5Vi9LK1FJK0N1QWEzREtsdmtwYWM3bE5WRHFjY25PdTJhOHEwSkdYeU8vV0ZQRnJFUDhjNTYyQW02MQorK2xmcGk2VmpWWXQ5SWlVVTdEVTJHTW1MRWhKY1YzQjVlamhOSXQxeWM3UWE1UXkvdFRPUURURi9KM3F5aDMzCml5SXBBZ01CQUFHakVEQU9NQXdHQTFVZEV3RUIvd1FDTUFBd0RRWUpLb1pJaHZjTkFRRUxCUUFEZ2dFQkFJZDIKd0xEdG5VcUxpNXd0QnhMWkI4eUw4V2gzRVoxV2FHUlF6UnMySkJLT0Q3WThvamhQTG1BTG5OMDg1N09KSGJJSgprcWtnV2VKdHo3ajV1TmlSdFJhQzNqMzgrL0VDZXJDN09OK2FhMW9pR2RuQTM1S2l0bmtDTU5BNC9yVTFsbnFkCi9XUVFJSEEyRExPMzdsaW5aRVpLMHFYcERKc0pHVDZwSkFreFFvZDhob3l5RzhoeFVoQWp3cWw2REM1UDQ5WVMKNUNtWnpTQUU5TElOc2E4bUowallpdFh3WFFzQnZTcDFSZUQ2azZaV3lpSzYzSnBoQ2FycmxLSVJBMHNtV0V1RgpVZnBmaWZqZXJVLzMxaHAwSXozakZGaFFVZGJmNE1zNnlxZTd0d3ltdXB2Vmt2dzdQbmhOa0xzc1Vja2VyMys0CkI5WnBNT0pzR1BEbmpMTjM2Mnc9Ci0tLS0tRU5EIENFUlRJRklDQVRFLS0tLS0K",
                            "master_auth.0.client_key": "LS0tLS1CRUdJTiBSU0EgUFJJVkFURSBLRVktLS0tLQpNSUlFb2dJQkFBS0NBUUVBdUUzd1M1cmZUd09QRWkxa3F1TlQvQi9DYXkvVHVTeVJkUlQxeE5mWkVGQjdKMTc0CmI0aWR1TlNLa0RndmFqWlBReG9lYzZFa3Z1L2o1T1NGRWpWMG5yd3M0N1h2dDFQcDUzL2RFVXNPUDJuUVl3TWEKdEQ1cVNvNVg2RkFaN0krUy9jek9SR1F4MGRDQUhNMklrUUR1cVRod0tTUWZXSmlnWElnZW4zRm04YXJnOHpJOQp5S2ZWRHNXZmRRbjdWd1JQL0FpeGZ5YWFWNkpveVM1M3h2MkM2cWNsZnl2a0NQZ3JnR3R3eXBiNUtXbk81VFZRCjZuSEp6cnRtdkt0Q1JsOGp2MWhUeGF4RC9IT2V0Z0p1dGZ2cFg2WXVsWTFXTGZTSWxGT3cxTmhqSml4SVNYRmQKd2VYbzRUU0xkY25PMEd1VU12N1V6a0EweGZ5ZDZzb2Q5NHNpS1FJREFRQUJBb0lCQUFITmVWa3o5WlV2UXJuNQp5YTlHTSs4V1hHOXg4MDh2V1dqY3dKNmhRZFZBQkVSWlVISyswbFFaZUJWN0J6T3h2a3E0dWEyRjJQY3BINENBCm43Q1M1MFlhTHhJM0dGWWhzdnI1ckM3Y0hoS090V1FTaHJOV25QR0h2T0pmempFYkltUHJHZVZmV1lGazJhdnUKY3JTQVh0VTI0Um4xNlh5VFdaWXVHcWFTbEdBdXVHeWZhRHoxbW0wZ0VIQ3F3VnA1K3FqNmhNaURkS0ZQZDk0QQpNVmU3VlFzamU5bXpyQWJIUGtmbDF5bGNvS0dHSjFyaEhjWVAxYnp4TUZ3UkRTOFZuTnQ5YlZvdjFGNWZDZzJFCnNmRFBxS0tCZ0hRcGd0QWZnTzFxT0hlR2tjTlU1TDdjRFJVRnRzUEQ3b3ZLbzRZMkFtVUNsZXNIN3ZveDVVa2IKdEJueGkxVUNnWUVBNTBqbVRRWmR5WjVnZWRGSmVjSU4rMUJ4VXhZcGR0SGFoeXlXTWRndTIzOUlZRmpGWDExQgordVVLWHhOS21PUjFZMnRpMlIxaVEzOWZleXdleEVodlVyem5tdmt5a2h0bmhHTk1RZmFWNnF1eHlrb1RVMmMrCnBaZmJFY2RvRjVNSkE4QTVOZDUxejFtd0d6QXdwMG9zdjVQd1YwTWJsSlhQQzVmUTVrQXArVGNDZ1lFQXkvL1UKbFNmTFNkbWliTlgrelBpc1pFTklZekNVMkNKTUFQbWdINTkyRlE5Tm1mRjVaYjB0TGllQy9oRFh3dHJPaHdVRQpJUkMySlBPSUlXRGIzaS93bzNDTjhIZFY3YlNOdXd5RnFyK084OXFqdStSem9YbUJKaDBwTVZOUW9SU3NPUTErCmVDSTRxK2l2Mko2VjFWQWQxd0tDVm83TDlnQ3orQ25YbGh3cDc1OENnWUFGamdTcCtPc3J1bmdLdFBJVTBJcFIKYk44cjVhNWRRakVEYWhpNVhiM1NXNzQ3UWlhTFljd0I0SnBkS2pOeWRKbzFKeEVhc2MvNFd3aktCb2MrbzVhNAozL3lZQmtBbXJpM1FTaW84czFWcWEzRTdzSWZDU3dxQUk2T0pTOGErT2pQUE9VQ21nSTlIeVptbkxZTWRvWFJ0CnJYbnFQcHhjOXpRZnpTZWhRQTFDQlFLQmdFcUZvWjMvVkljYzV2WUZVcmlFRzAzaE9sOXB6dVlKMldQOXpOM2cKZmQyQm9xS2JFUEwyb2J1Ym1ZSEFtMkZHVjI0QmlobWVKanZuYnhKcWRNZDlFZFpTOXJjaWtSUnVBZHlUM1h5Ygp6OWdMUmdjTWxLVW5ZdU9PZ1k3UVZjTVNienZFVHpBSnFGUThnNGlKbmtpM3BMNzMzcTlLS1A0c0VaS1Zqbmo2CnZ1TVhBb0dBSjdXUzMwOTdPZTJPOEpUbTNzSzFoNjdKeFIveS9ZTzNUS1BDVE9oVzFwem9RVUVKUEYzKy8wRm8KNTVmSk94WEx0aGpBRDdmMm9Yamo4SzhRc0FyREVhcnlHbUhYUVF6N2V0Y1UyUUJVaGhZNWxBOXZoeS9sVDJnSAo3YlpRT0RxVW1XZ3lRbnliaGhTSk9iaGRqb1BkYnphZnBsLzdGSnVxY0RmMms3MzFqRkU9Ci0tLS0tRU5EIFJTQSBQUklWQVRFIEtFWS0tLS0tCg==",
                            "master_auth.0.cluster_ca_certificate": "LS0tLS1CRUdJTiBDRVJUSUZJQ0FURS0tLS0tCk1JSURERENDQWZTZ0F3SUJBZ0lSQUx3ZGY2YmVRZ1pxUGdvc0NpaW5LWDh3RFFZSktvWklodmNOQVFFTEJRQXcKTHpFdE1Dc0dBMVVFQXhNa09XVXlZbU0wWlRVdE5UaGlaQzAwTmpjNUxXSTVNbVF0TkRCa1pURXhNMkkyT1dJMgpNQjRYRFRFNU1EUXlNREV4TlRFMU4xb1hEVEkwTURReE9ERXlOVEUxTjFvd0x6RXRNQ3NHQTFVRUF4TWtPV1V5ClltTTBaVFV0TlRoaVpDMDBOamM1TFdJNU1tUXROREJrWlRFeE0ySTJPV0kyTUlJQklqQU5CZ2txaGtpRzl3MEIKQVFFRkFBT0NBUThBTUlJQkNnS0NBUUVBeFpNZVE2Q0dXN1BxQTBlY1NqR2dNRUthYXZhalJ5WkF1dUN0eC9oMApiMU90R0JMVkE1K0VrdXRoK0NMNnRFMXFqU3pCQ1BPeDlLY0c4aEJ0UG9CSzBzb1NLQngzeEFFNWI1WitDZEM1CmtqLzk2c3Avd2JMbSttRnMxSnM5RW5yYyt6dWVHajV5Z1NNYnhqRW5iZnJpbld4SmFYWDB0ZWs0clJuemR3QmkKUnVUaVZnemNaeXVpVHUwMnpESGVWN24rTnZkT1JZaVJ0Z3d3Y3RrUVBwNFFFUDJJRGU0Z0pxZFRCZ0xPSjNtaQpvL2w0dlorWEdPclJ2VWhFOEZqV3JRM0RBb2IxaDFjTzF1aXF6TVJpZThJU2QvUjk0ZHFuT1p4UHRWbkExQnJwCnNCUjdnaGttWnhhckpMaFA3dlF4Q1VwV25IM2tzbGdGV0M5dCtKSTJqS3V0eVFJREFRQUJveU13SVRBT0JnTlYKSFE4QkFmOEVCQU1DQWdRd0R3WURWUjBUQVFIL0JBVXdBd0VCL3pBTkJna3Foa2lHOXcwQkFRc0ZBQU9DQVFFQQpwTHIwK1ZBWXpKeVlPSCsvRi96aC96M3d0OTJjZHpTR2tQMWsxSVpzVDlKZHIwaUR3dGp1WDFLa0h0N2g5UndQCnZMM08vUW50MjZJOFV6UUExNDFvYm5oeW1TQitxamZRVzVQcTN1TWdacko4UEtNVEl5TVlQMWZjbzhaUTgyeEQKN3BaRjNxd3Eyc2hXclIwcHppZWJyY0xaWXRhQ0ZMcStldkN1QmZwSjVQaVpjSnUxN2JWTkozMmNZOUpsWmpadAplQ3RpNzV3OW5BZGV2bHRUbTdGcUlZTzE5Tm5RVmV5VzFoTUdFV3RYRThLVTBmanBzMFdhd0NmY0cvcThhRE9kCmUzOWtEZ1U2RlBHUVF0ODlsZXdjc3pHTEZsTnVNZjFTVDNvRE1NeGcvVGdyKzZBM25ONDFSRmhjcjlzMlNySCsKWjRORTZvSzNDaFNlcDgwdWF0Rm4rUT09Ci0tLS0tRU5EIENFUlRJRklDQVRFLS0tLS0K",
                            "master_auth.0.password": "fFKAD9EvPXJdIat8",
                            "master_auth.0.username": "admin",
                            "master_version": "1.11.8-gke.6",
                            "monitoring_service": "monitoring.googleapis.com",
                            "name": "thoritie-cluster",
                            "network": "default",
                            "network_policy.#": "0",
                            "node_config.#": "1",
                            "node_config.0.disk_size_gb": "100",
                            "node_config.0.image_type": "COS",
                            "node_config.0.labels.%": "0",
                            "node_config.0.local_ssd_count": "0",
                            "node_config.0.machine_type": "n1-standard-1",
                            "node_config.0.metadata.%": "0",
                            "node_config.0.min_cpu_platform": "",
                            "node_config.0.oauth_scopes.#": "4",
                            "node_config.0.oauth_scopes.1277378754": "https://www.googleapis.com/auth/monitoring",
                            "node_config.0.oauth_scopes.1632638332": "https://www.googleapis.com/auth/devstorage.read_only",
                            "node_config.0.oauth_scopes.172152165": "https://www.googleapis.com/auth/logging.write",
                            "node_config.0.oauth_scopes.299962681": "https://www.googleapis.com/auth/compute",
                            "node_config.0.preemptible": "false",
                            "node_config.0.service_account": "default",
                            "node_config.0.tags.#": "1",
                            "node_config.0.tags.0": "iac-kubernetes",
                            "node_pool.#": "1",
                            "node_pool.0.autoscaling.#": "0",
                            "node_pool.0.initial_node_count": "2",
                            "node_pool.0.management.#": "1",
                            "node_pool.0.management.0.auto_repair": "false",
                            "node_pool.0.management.0.auto_upgrade": "false",
                            "node_pool.0.name": "default-pool",
                            "node_pool.0.name_prefix": "",
                            "node_pool.0.node_config.#": "1",
                            "node_pool.0.node_config.0.disk_size_gb": "100",
                            "node_pool.0.node_config.0.image_type": "COS",
                            "node_pool.0.node_config.0.labels.%": "0",
                            "node_pool.0.node_config.0.local_ssd_count": "0",
                            "node_pool.0.node_config.0.machine_type": "n1-standard-1",
                            "node_pool.0.node_config.0.metadata.%": "0",
                            "node_pool.0.node_config.0.min_cpu_platform": "",
                            "node_pool.0.node_config.0.oauth_scopes.#": "4",
                            "node_pool.0.node_config.0.oauth_scopes.1277378754": "https://www.googleapis.com/auth/monitoring",
                            "node_pool.0.node_config.0.oauth_scopes.1632638332": "https://www.googleapis.com/auth/devstorage.read_only",
                            "node_pool.0.node_config.0.oauth_scopes.172152165": "https://www.googleapis.com/auth/logging.write",
                            "node_pool.0.node_config.0.oauth_scopes.299962681": "https://www.googleapis.com/auth/compute",
                            "node_pool.0.node_config.0.preemptible": "false",
                            "node_pool.0.node_config.0.service_account": "default",
                            "node_pool.0.node_config.0.tags.#": "1",
                            "node_pool.0.node_config.0.tags.0": "iac-kubernetes",
                            "node_pool.0.node_count": "2",
                            "node_version": "1.11.8-gke.6",
                            "project": "thoritie",
                            "subnetwork": "default",
                            "zone": "europe-west1-b"
                        },
                        "meta": {
                            "e2bfb730-ecaa-11e6-8f88-34363bc7c4c0": {
                                "create": 1800000000000,
                                "delete": 600000000000,
                                "update": 600000000000
                            },
                            "schema_version": "1"
                        },
                        "tainted": false
                    },
                    "deposed": [],
                    "provider": "provider.google"
                }
            },
            "depends_on": []
        }
    ]
}
